# This file was autogenerated by Stack.
# You should not edit this file by hand.
# For more information, please see the documentation at:
#   https://docs.haskellstack.org/en/stable/lock_files

packages:
- completed:
    name: attoparsec-applicative
    version: 0.1.0.0
    git: git@github.com:tafujino/attoparsec-applicative.git
    pantry-tree:
      size: 402
      sha256: 2245325c380a2101680f45b945e8f8bb8bec2beb6b3d451aff2a8ab39fc8c1f5
    commit: a430f117d03364b9f1a3ee422171f163a56a2bb7
  original:
    git: git@github.com:tafujino/attoparsec-applicative.git
    commit: a430f117d03364b9f1a3ee422171f163a56a2bb7
- completed:
    name: bioseq
    version: 0.1.0.0
    git: git@github.com:tafujino/bioseq.git
    pantry-tree:
      size: 505
      sha256: 4a49c2ee92ba98a85bab4e9746d67ef4052146f5bf23fc68e4ebbf06e846b4c0
    commit: afea71c5304110e0189a387989aeef0b10883e9e
  original:
    git: git@github.com:tafujino/bioseq.git
    commit: afea71c5304110e0189a387989aeef0b10883e9e
snapshots:
- completed:
    size: 587126
    url: https://raw.githubusercontent.com/commercialhaskell/stackage-snapshots/master/lts/18/8.yaml
    sha256: 93a107557e8691ed5ca17beaee41e68222b142c48868fc8c04a4181fb233477d
  original: lts-18.8
